// !$*UTF8*$!
{
	archiveVersion = 1;
	classes = {
	};
	objectVersion = 46;
	objects = {

/* Begin PBXBuildFile section */
		7729659D1E427E2100B57C43 /* main.m in Sources */ = {isa = PBXBuildFile; fileRef = 7729659C1E427E2100B57C43 /* main.m */; };
		772965A51E427E3800B57C43 /* SleepIn.m in Sources */ = {isa = PBXBuildFile; fileRef = 772965A41E427E3800B57C43 /* SleepIn.m */; };
		772965A81E4285D700B57C43 /* MonkeyTrouble.m in Sources */ = {isa = PBXBuildFile; fileRef = 772965A71E4285D700B57C43 /* MonkeyTrouble.m */; };
/* End PBXBuildFile section */

/* Begin PBXCopyFilesBuildPhase section */
		772965971E427E2100B57C43 /* CopyFiles */ = {
			isa = PBXCopyFilesBuildPhase;
			buildActionMask = 2147483647;
			dstPath = /usr/share/man/man1/;
			dstSubfolderSpec = 0;
			files = (
			);
			runOnlyForDeploymentPostprocessing = 1;
		};
/* End PBXCopyFilesBuildPhase section */

/* Begin PBXFileReference section */
		772965991E427E2100B57C43 /* CodingBat */ = {isa = PBXFileReference; explicitFileType = "compiled.mach-o.executable"; includeInIndex = 0; path = CodingBat; sourceTree = BUILT_PRODUCTS_DIR; };
		7729659C1E427E2100B57C43 /* main.m */ = {isa = PBXFileReference; lastKnownFileType = sourcecode.c.objc; path = main.m; sourceTree = "<group>"; };
		772965A31E427E3800B57C43 /* SleepIn.h */ = {isa = PBXFileReference; fileEncoding = 4; lastKnownFileType = sourcecode.c.h; path = SleepIn.h; sourceTree = "<group>"; };
		772965A41E427E3800B57C43 /* SleepIn.m */ = {isa = PBXFileReference; fileEncoding = 4; lastKnownFileType = sourcecode.c.objc; path = SleepIn.m; sourceTree = "<group>"; };
		772965A61E4285D700B57C43 /* MonkeyTrouble.h */ = {isa = PBXFileReference; fileEncoding = 4; lastKnownFileType = sourcecode.c.h; path = MonkeyTrouble.h; sourceTree = "<group>"; };
		772965A71E4285D700B57C43 /* MonkeyTrouble.m */ = {isa = PBXFileReference; fileEncoding = 4; lastKnownFileType = sourcecode.c.objc; path = MonkeyTrouble.m; sourceTree = "<group>"; };
/* End PBXFileReference section */

/* Begin PBXFrameworksBuildPhase section */
		772965961E427E2100B57C43 /* Frameworks */ = {
			isa = PBXFrameworksBuildPhase;
			buildActionMask = 2147483647;
			files = (
			);
			runOnlyForDeploymentPostprocessing = 0;
		};
/* End PBXFrameworksBuildPhase section */

/* Begin PBXGroup section */
		772965901E427E2100B57C43 = {
			isa = PBXGroup;
			children = (
				7729659B1E427E2100B57C43 /* CodingBat */,
				7729659A1E427E2100B57C43 /* Products */,
			);
			sourceTree = "<group>";
		};
		7729659A1E427E2100B57C43 /* Products */ = {
			isa = PBXGroup;
			children = (
				772965991E427E2100B57C43 /* CodingBat */,
			);
			name = Products;
			sourceTree = "<group>";
		};
		7729659B1E427E2100B57C43 /* CodingBat */ = {
			isa = PBXGroup;
			children = (
				7729659C1E427E2100B57C43 /* main.m */,
				772965A31E427E3800B57C43 /* SleepIn.h */,
				772965A41E427E3800B57C43 /* SleepIn.m */,
				772965A61E4285D700B57C43 /* MonkeyTrouble.h */,
				772965A71E4285D700B57C43 /* MonkeyTrouble.m */,
			);
			path = CodingBat;
			sourceTree = "<group>";
		};
/* End PBXGroup section */

/* Begin PBXNativeTarget section */
		772965981E427E2100B57C43 /* CodingBat */ = {
			isa = PBXNativeTarget;
			buildConfigurationList = 772965A01E427E2100B57C43 /* Build configuration list for PBXNativeTarget "CodingBat" */;
			buildPhases = (
				772965951E427E2100B57C43 /* Sources */,
				772965961E427E2100B57C43 /* Frameworks */,
				772965971E427E2100B57C43 /* CopyFiles */,
			);
			buildRules = (
			);
			dependencies = (
			);
			name = CodingBat;
			productName = CodingBat;
			productReference = 772965991E427E2100B57C43 /* CodingBat */;
			productType = "com.apple.product-type.tool";
		};
/* End PBXNativeTarget section */

/* Begin PBXProject section */
		772965911E427E2100B57C43 /* Project object */ = {
			isa = PBXProject;
			attributes = {
				LastUpgradeCheck = 0820;
				ORGANIZATIONNAME = "Pierre Binon";
				TargetAttributes = {
					772965981E427E2100B57C43 = {
						CreatedOnToolsVersion = 8.2.1;
						ProvisioningStyle = Automatic;
					};
				};
			};
			buildConfigurationList = 772965941E427E2100B57C43 /* Build configuration list for PBXProject "CodingBat" */;
			compatibilityVersion = "Xcode 3.2";
			developmentRegion = English;
			hasScannedForEncodings = 0;
			knownRegions = (
				en,
			);
			mainGroup = 772965901E427E2100B57C43;
			productRefGroup = 7729659A1E427E2100B57C43 /* Products */;
			projectDirPath = "";
			projectRoot = "";
			targets = (
				772965981E427E2100B57C43 /* CodingBat */,
			);
		};
/* End PBXProject section */

/* Begin PBXSourcesBuildPhase section */
		772965951E427E2100B57C43 /* Sources */ = {
			isa = PBXSourcesBuildPhase;
			buildActionMask = 2147483647;
			files = (
				772965A51E427E3800B57C43 /* SleepIn.m in Sources */,
				7729659D1E427E2100B57C43 /* main.m in Sources */,
				772965A81E4285D700B57C43 /* MonkeyTrouble.m in Sources */,
			);
			runOnlyForDeploymentPostprocessing = 0;
		};
/* End PBXSourcesBuildPhase section */

/* Begin XCBuildConfiguration section */
		7729659E1E427E2100B57C43 /* Debug */ = {
			isa = XCBuildConfiguration;
			buildSettings = {
				ALWAYS_SEARCH_USER_PATHS = NO;
				CLANG_ANALYZER_NONNULL = YES;
				CLANG_CXX_LANGUAGE_STANDARD = "gnu++0x";
				CLANG_CXX_LIBRARY = "libc++";
				CLANG_ENABLE_MODULES = YES;
				CLANG_ENABLE_OBJC_ARC = YES;
				CLANG_WARN_BOOL_CONVERSION = YES;
				CLANG_WARN_CONSTANT_CONVERSION = YES;
				CLANG_WARN_DIRECT_OBJC_ISA_USAGE = YES_ERROR;
				CLANG_WARN_DOCUMENTATION_COMMENTS = YES;
				CLANG_WARN_EMPTY_BODY = YES;
				CLANG_WARN_ENUM_CONVERSION = YES;
				CLANG_WARN_INFINITE_RECURSION = YES;
				CLANG_WARN_INT_CONVERSION = YES;
				CLANG_WARN_OBJC_ROOT_CLASS = YES_ERROR;
				CLANG_WARN_SUSPICIOUS_MOVE = YES;
				CLANG_WARN_UNREACHABLE_CODE = YES;
				CLANG_WARN__DUPLICATE_METHOD_MATCH = YES;
				CODE_SIGN_IDENTITY = "-";
				COPY_PHASE_STRIP = NO;
				DEBUG_INFORMATION_FORMAT = dwarf;
				ENABLE_STRICT_OBJC_MSGSEND = YES;
				ENABLE_TESTABILITY = YES;
				GCC_C_LANGUAGE_STANDARD = gnu99;
				GCC_DYNAMIC_NO_PIC = NO;
				GCC_NO_COMMON_BLOCKS = YES;
				GCC_OPTIMIZATION_LEVEL = 0;
				GCC_PREPROCESSOR_DEFINITIONS = (
					"DEBUG=1",
					"$(inherited)",
				);
				GCC_WARN_64_TO_32_BIT_CONVERSION = YES;
				GCC_WARN_ABOUT_RETURN_TYPE = YES_ERROR;
				GCC_WARN_UNDECLARED_SELECTOR = YES;
				GCC_WARN_UNINITIALIZED_AUTOS = YES_AGGRESSIVE;
				GCC_WARN_UNUSED_FUNCTION = YES;
				GCC_WARN_UNUSED_VARIABLE = YES;
				MACOSX_DEPLOYMENT_TARGET = 10.12;
				MTL_ENABLE_DEBUG_INFO = YES;
				ONLY_ACTIVE_ARCH = YES;
				SDKROOT = macosx;
			};
			name = Debug;
		};
		7729659F1E427E2100B57C43 /* Release */ = {
			isa = XCBuildConfiguration;
			buildSettings = {
				ALWAYS_SEARCH_USER_PATHS = NO;
				CLANG_ANALYZER_NONNULL = YES;
				CLANG_CXX_LANGUAGE_STANDARD = "gnu++0x";
				CLANG_CXX_LIBRARY = "libc++";
				CLANG_ENABLE_MODULES = YES;
				CLANG_ENABLE_OBJC_ARC = YES;
				CLANG_WARN_BOOL_CONVERSION = YES;
				CLANG_WARN_CONSTANT_CONVERSION = YES;
				CLANG_WARN_DIRECT_OBJC_ISA_USAGE = YES_ERROR;
				CLANG_WARN_DOCUMENTATION_COMMENTS = YES;
				CLANG_WARN_EMPTY_BODY = YES;
				CLANG_WARN_ENUM_CONVERSION = YES;
				CLANG_WARN_INFINITE_RECURSION = YES;
				CLANG_WARN_INT_CONVERSION = YES;
				CLANG_WARN_OBJC_ROOT_CLASS = YES_ERROR;
				CLANG_WARN_SUSPICIOUS_MOVE = YES;
				CLANG_WARN_UNREACHABLE_CODE = YES;
				CLANG_WARN__DUPLICATE_METHOD_MATCH = YES;
				CODE_SIGN_IDENTITY = "-";
				COPY_PHASE_STRIP = NO;
				DEBUG_INFORMATION_FORMAT = "dwarf-with-dsym";
				ENABLE_NS_ASSERTIONS = NO;
				ENABLE_STRICT_OBJC_MSGSEND = YES;
				GCC_C_LANGUAGE_STANDARD = gnu99;
				GCC_NO_COMMON_BLOCKS = YES;
				GCC_WARN_64_TO_32_BIT_CONVERSION = YES;
				GCC_WARN_ABOUT_RETURN_TYPE = YES_ERROR;
				GCC_WARN_UNDECLARED_SELECTOR = YES;
				GCC_WARN_UNINITIALIZED_AUTOS = YES_AGGRESSIVE;
				GCC_WARN_UNUSED_FUNCTION = YES;
				GCC_WARN_UNUSED_VARIABLE = YES;
				MACOSX_DEPLOYMENT_TARGET = 10.12;
				MTL_ENABLE_DEBUG_INFO = NO;
				SDKROOT = macosx;
			};
			name = Release;
		};
		772965A11E427E2100B57C43 /* Debug */ = {
			isa = XCBuildConfiguration;
			buildSettings = {
				PRODUCT_NAME = "$(TARGET_NAME)";
			};
			name = Debug;
		};
		772965A21E427E2100B57C43 /* Release */ = {
			isa = XCBuildConfiguration;
			buildSettings = {
				PRODUCT_NAME = "$(TARGET_NAME)";
			};
			name = Release;
		};
/* End XCBuildConfiguration section */

/* Begin XCConfigurationList section */
		772965941E427E2100B57C43 /* Build configuration list for PBXProject "CodingBat" */ = {
			isa = XCConfigurationList;
			buildConfigurations = (
				7729659E1E427E2100B57C43 /* Debug */,
				7729659F1E427E2100B57C43 /* Release */,
			);
			defaultConfigurationIsVisible = 0;
			defaultConfigurationName = Release;
		};
		772965A01E427E2100B57C43 /* Build configuration list for PBXNativeTarget "CodingBat" */ = {
			isa = XCConfigurationList;
			buildConfigurations = (
				772965A11E427E2100B57C43 /* Debug */,
				772965A21E427E2100B57C43 /* Release */,
			);
			defaultConfigurationIsVisible = 0;
		};
/* End XCConfigurationList section */
	};
	rootObject = 772965911E427E2100B57C43 /* Project object */;
}
