// !$*UTF8*$!
{
	archiveVersion = 1;
	classes = {
	};
	objectVersion = 46;
	objects = {

/* Begin PBXBuildFile section */
		77088CDB1E4B82A300C9A811 /* PosNeg.m in Sources */ = {isa = PBXBuildFile; fileRef = 77088CDA1E4B82A300C9A811 /* PosNeg.m */; };
		77088CDE1E4B861C00C9A811 /* FirstTwo.m in Sources */ = {isa = PBXBuildFile; fileRef = 77088CDD1E4B861C00C9A811 /* FirstTwo.m */; };
		77088CE11E4B8C2000C9A811 /* RotateLeft3.m in Sources */ = {isa = PBXBuildFile; fileRef = 77088CE01E4B8C2000C9A811 /* RotateLeft3.m */; };
		772139321E4CC94800E47E6E /* NotString.m in Sources */ = {isa = PBXBuildFile; fileRef = 772139311E4CC94800E47E6E /* NotString.m */; };
		772139351E4CD1FC00E47E6E /* FirstHalf.m in Sources */ = {isa = PBXBuildFile; fileRef = 772139341E4CD1FC00E47E6E /* FirstHalf.m */; };
		772139381E4CD46A00E47E6E /* Reverse3.m in Sources */ = {isa = PBXBuildFile; fileRef = 772139371E4CD46A00E47E6E /* Reverse3.m */; };
		7729659D1E427E2100B57C43 /* main.m in Sources */ = {isa = PBXBuildFile; fileRef = 7729659C1E427E2100B57C43 /* main.m */; };
		772965A51E427E3800B57C43 /* SleepIn.m in Sources */ = {isa = PBXBuildFile; fileRef = 772965A41E427E3800B57C43 /* SleepIn.m */; };
		772965A81E4285D700B57C43 /* MonkeyTrouble.m in Sources */ = {isa = PBXBuildFile; fileRef = 772965A71E4285D700B57C43 /* MonkeyTrouble.m */; };
		774D4B7E1E44F8D60075CFCA /* ParrotTrouble.m in Sources */ = {isa = PBXBuildFile; fileRef = 774D4B7D1E44F8D60075CFCA /* ParrotTrouble.m */; };
		774D4B811E44FCE60075CFCA /* MakeTags.m in Sources */ = {isa = PBXBuildFile; fileRef = 774D4B801E44FCE60075CFCA /* MakeTags.m */; };
		774D4B841E4500920075CFCA /* MakePi.m in Sources */ = {isa = PBXBuildFile; fileRef = 774D4B831E4500920075CFCA /* MakePi.m */; };
		7784CF371E43945400F45998 /* StringTimes.m in Sources */ = {isa = PBXBuildFile; fileRef = 7784CF361E43945400F45998 /* StringTimes.m */; };
		7784CF3A1E439D4900F45998 /* FirstLast6.m in Sources */ = {isa = PBXBuildFile; fileRef = 7784CF391E439D4900F45998 /* FirstLast6.m */; };
		7784CF401E43CD5A00F45998 /* SameFirstLast.m in Sources */ = {isa = PBXBuildFile; fileRef = 7784CF3F1E43CD5A00F45998 /* SameFirstLast.m */; };
		77867CC71E4A322C001E04B7 /* Makes10.m in Sources */ = {isa = PBXBuildFile; fileRef = 77867CC61E4A322C001E04B7 /* Makes10.m */; };
		77867CCA1E4A3510001E04B7 /* ExtraEnd.m in Sources */ = {isa = PBXBuildFile; fileRef = 77867CC91E4A3510001E04B7 /* ExtraEnd.m */; };
		77867CCD1E4A3B74001E04B7 /* Sum3.m in Sources */ = {isa = PBXBuildFile; fileRef = 77867CCC1E4A3B74001E04B7 /* Sum3.m */; };
		779A90261E53714A00D1AD06 /* Front3.m in Sources */ = {isa = PBXBuildFile; fileRef = 779A90251E53714A00D1AD06 /* Front3.m */; };
		779A90291E5374A800D1AD06 /* NonStart.m in Sources */ = {isa = PBXBuildFile; fileRef = 779A90281E5374A800D1AD06 /* NonStart.m */; };
		779A902C1E53781400D1AD06 /* MiddleWay.m in Sources */ = {isa = PBXBuildFile; fileRef = 779A902B1E53781400D1AD06 /* MiddleWay.m */; };
		77A623A51E52122B00AD8564 /* FrontBack.m in Sources */ = {isa = PBXBuildFile; fileRef = 77A623A41E52122B00AD8564 /* FrontBack.m */; };
		77A623A81E52196100AD8564 /* ComboString.m in Sources */ = {isa = PBXBuildFile; fileRef = 77A623A71E52196100AD8564 /* ComboString.m */; };
		77A623AB1E521E7600AD8564 /* Sum2.m in Sources */ = {isa = PBXBuildFile; fileRef = 77A623AA1E521E7600AD8564 /* Sum2.m */; };
		77A714011E494831003A8A66 /* CommonEnd.m in Sources */ = {isa = PBXBuildFile; fileRef = 77A714001E494831003A8A66 /* CommonEnd.m */; };
		77BCF8511E4E1E5E00612BAD /* MissingChar.m in Sources */ = {isa = PBXBuildFile; fileRef = 77BCF8501E4E1E5E00612BAD /* MissingChar.m */; };
		77BCF8541E4E2DC600612BAD /* WithoutEnd.m in Sources */ = {isa = PBXBuildFile; fileRef = 77BCF8531E4E2DC600612BAD /* WithoutEnd.m */; };
		77BCF8571E4E350E00612BAD /* MaxEnd3.m in Sources */ = {isa = PBXBuildFile; fileRef = 77BCF8561E4E350E00612BAD /* MaxEnd3.m */; };
		77E657631E54C6350055EB5B /* BackAround.m in Sources */ = {isa = PBXBuildFile; fileRef = 77E657621E54C6350055EB5B /* BackAround.m */; };
		77E657661E54CA660055EB5B /* Left2.m in Sources */ = {isa = PBXBuildFile; fileRef = 77E657651E54CA660055EB5B /* Left2.m */; };
		77E657691E54CD0D0055EB5B /* MakeEnds.m in Sources */ = {isa = PBXBuildFile; fileRef = 77E657681E54CD0D0055EB5B /* MakeEnds.m */; };
/* End PBXBuildFile section */

/* Begin PBXCopyFilesBuildPhase section */
		772965971E427E2100B57C43 /* CopyFiles */ = {
			isa = PBXCopyFilesBuildPhase;
			buildActionMask = 2147483647;
			dstPath = /usr/share/man/man1/;
			dstSubfolderSpec = 0;
			files = (
			);
			runOnlyForDeploymentPostprocessing = 1;
		};
/* End PBXCopyFilesBuildPhase section */

/* Begin PBXFileReference section */
		77088CD91E4B82A300C9A811 /* PosNeg.h */ = {isa = PBXFileReference; fileEncoding = 4; lastKnownFileType = sourcecode.c.h; path = PosNeg.h; sourceTree = "<group>"; };
		77088CDA1E4B82A300C9A811 /* PosNeg.m */ = {isa = PBXFileReference; fileEncoding = 4; lastKnownFileType = sourcecode.c.objc; path = PosNeg.m; sourceTree = "<group>"; };
		77088CDC1E4B861C00C9A811 /* FirstTwo.h */ = {isa = PBXFileReference; fileEncoding = 4; lastKnownFileType = sourcecode.c.h; path = FirstTwo.h; sourceTree = "<group>"; };
		77088CDD1E4B861C00C9A811 /* FirstTwo.m */ = {isa = PBXFileReference; fileEncoding = 4; lastKnownFileType = sourcecode.c.objc; path = FirstTwo.m; sourceTree = "<group>"; };
		77088CDF1E4B8C2000C9A811 /* RotateLeft3.h */ = {isa = PBXFileReference; fileEncoding = 4; lastKnownFileType = sourcecode.c.h; path = RotateLeft3.h; sourceTree = "<group>"; };
		77088CE01E4B8C2000C9A811 /* RotateLeft3.m */ = {isa = PBXFileReference; fileEncoding = 4; lastKnownFileType = sourcecode.c.objc; path = RotateLeft3.m; sourceTree = "<group>"; };
		772139301E4CC94800E47E6E /* NotString.h */ = {isa = PBXFileReference; fileEncoding = 4; lastKnownFileType = sourcecode.c.h; path = NotString.h; sourceTree = "<group>"; };
		772139311E4CC94800E47E6E /* NotString.m */ = {isa = PBXFileReference; fileEncoding = 4; lastKnownFileType = sourcecode.c.objc; path = NotString.m; sourceTree = "<group>"; };
		772139331E4CD1FC00E47E6E /* FirstHalf.h */ = {isa = PBXFileReference; fileEncoding = 4; lastKnownFileType = sourcecode.c.h; path = FirstHalf.h; sourceTree = "<group>"; };
		772139341E4CD1FC00E47E6E /* FirstHalf.m */ = {isa = PBXFileReference; fileEncoding = 4; lastKnownFileType = sourcecode.c.objc; path = FirstHalf.m; sourceTree = "<group>"; };
		772139361E4CD46A00E47E6E /* Reverse3.h */ = {isa = PBXFileReference; fileEncoding = 4; lastKnownFileType = sourcecode.c.h; path = Reverse3.h; sourceTree = "<group>"; };
		772139371E4CD46A00E47E6E /* Reverse3.m */ = {isa = PBXFileReference; fileEncoding = 4; lastKnownFileType = sourcecode.c.objc; path = Reverse3.m; sourceTree = "<group>"; };
		772965991E427E2100B57C43 /* CodingBat */ = {isa = PBXFileReference; explicitFileType = "compiled.mach-o.executable"; includeInIndex = 0; path = CodingBat; sourceTree = BUILT_PRODUCTS_DIR; };
		7729659C1E427E2100B57C43 /* main.m */ = {isa = PBXFileReference; lastKnownFileType = sourcecode.c.objc; path = main.m; sourceTree = "<group>"; };
		772965A31E427E3800B57C43 /* SleepIn.h */ = {isa = PBXFileReference; fileEncoding = 4; lastKnownFileType = sourcecode.c.h; path = SleepIn.h; sourceTree = "<group>"; };
		772965A41E427E3800B57C43 /* SleepIn.m */ = {isa = PBXFileReference; fileEncoding = 4; lastKnownFileType = sourcecode.c.objc; path = SleepIn.m; sourceTree = "<group>"; };
		772965A61E4285D700B57C43 /* MonkeyTrouble.h */ = {isa = PBXFileReference; fileEncoding = 4; lastKnownFileType = sourcecode.c.h; path = MonkeyTrouble.h; sourceTree = "<group>"; };
		772965A71E4285D700B57C43 /* MonkeyTrouble.m */ = {isa = PBXFileReference; fileEncoding = 4; lastKnownFileType = sourcecode.c.objc; path = MonkeyTrouble.m; sourceTree = "<group>"; };
		774D4B7C1E44F8D60075CFCA /* ParrotTrouble.h */ = {isa = PBXFileReference; fileEncoding = 4; lastKnownFileType = sourcecode.c.h; path = ParrotTrouble.h; sourceTree = "<group>"; };
		774D4B7D1E44F8D60075CFCA /* ParrotTrouble.m */ = {isa = PBXFileReference; fileEncoding = 4; lastKnownFileType = sourcecode.c.objc; path = ParrotTrouble.m; sourceTree = "<group>"; };
		774D4B7F1E44FCE60075CFCA /* MakeTags.h */ = {isa = PBXFileReference; fileEncoding = 4; lastKnownFileType = sourcecode.c.h; path = MakeTags.h; sourceTree = "<group>"; };
		774D4B801E44FCE60075CFCA /* MakeTags.m */ = {isa = PBXFileReference; fileEncoding = 4; lastKnownFileType = sourcecode.c.objc; path = MakeTags.m; sourceTree = "<group>"; };
		774D4B821E4500920075CFCA /* MakePi.h */ = {isa = PBXFileReference; fileEncoding = 4; lastKnownFileType = sourcecode.c.h; path = MakePi.h; sourceTree = "<group>"; };
		774D4B831E4500920075CFCA /* MakePi.m */ = {isa = PBXFileReference; fileEncoding = 4; lastKnownFileType = sourcecode.c.objc; path = MakePi.m; sourceTree = "<group>"; };
		7784CF351E43945400F45998 /* StringTimes.h */ = {isa = PBXFileReference; fileEncoding = 4; lastKnownFileType = sourcecode.c.h; path = StringTimes.h; sourceTree = "<group>"; };
		7784CF361E43945400F45998 /* StringTimes.m */ = {isa = PBXFileReference; fileEncoding = 4; lastKnownFileType = sourcecode.c.objc; path = StringTimes.m; sourceTree = "<group>"; };
		7784CF381E439D4900F45998 /* FirstLast6.h */ = {isa = PBXFileReference; fileEncoding = 4; lastKnownFileType = sourcecode.c.h; path = FirstLast6.h; sourceTree = "<group>"; };
		7784CF391E439D4900F45998 /* FirstLast6.m */ = {isa = PBXFileReference; fileEncoding = 4; lastKnownFileType = sourcecode.c.objc; path = FirstLast6.m; sourceTree = "<group>"; };
		7784CF3E1E43CD5A00F45998 /* SameFirstLast.h */ = {isa = PBXFileReference; fileEncoding = 4; lastKnownFileType = sourcecode.c.h; path = SameFirstLast.h; sourceTree = "<group>"; };
		7784CF3F1E43CD5A00F45998 /* SameFirstLast.m */ = {isa = PBXFileReference; fileEncoding = 4; lastKnownFileType = sourcecode.c.objc; path = SameFirstLast.m; sourceTree = "<group>"; };
		77867CC51E4A322C001E04B7 /* Makes10.h */ = {isa = PBXFileReference; fileEncoding = 4; lastKnownFileType = sourcecode.c.h; path = Makes10.h; sourceTree = "<group>"; };
		77867CC61E4A322C001E04B7 /* Makes10.m */ = {isa = PBXFileReference; fileEncoding = 4; lastKnownFileType = sourcecode.c.objc; path = Makes10.m; sourceTree = "<group>"; };
		77867CC81E4A3510001E04B7 /* ExtraEnd.h */ = {isa = PBXFileReference; fileEncoding = 4; lastKnownFileType = sourcecode.c.h; path = ExtraEnd.h; sourceTree = "<group>"; };
		77867CC91E4A3510001E04B7 /* ExtraEnd.m */ = {isa = PBXFileReference; fileEncoding = 4; lastKnownFileType = sourcecode.c.objc; path = ExtraEnd.m; sourceTree = "<group>"; };
		77867CCB1E4A3B74001E04B7 /* Sum3.h */ = {isa = PBXFileReference; fileEncoding = 4; lastKnownFileType = sourcecode.c.h; path = Sum3.h; sourceTree = "<group>"; };
		77867CCC1E4A3B74001E04B7 /* Sum3.m */ = {isa = PBXFileReference; fileEncoding = 4; lastKnownFileType = sourcecode.c.objc; path = Sum3.m; sourceTree = "<group>"; };
		779A90241E53714A00D1AD06 /* Front3.h */ = {isa = PBXFileReference; fileEncoding = 4; lastKnownFileType = sourcecode.c.h; path = Front3.h; sourceTree = "<group>"; };
		779A90251E53714A00D1AD06 /* Front3.m */ = {isa = PBXFileReference; fileEncoding = 4; lastKnownFileType = sourcecode.c.objc; path = Front3.m; sourceTree = "<group>"; };
		779A90271E5374A800D1AD06 /* NonStart.h */ = {isa = PBXFileReference; fileEncoding = 4; lastKnownFileType = sourcecode.c.h; path = NonStart.h; sourceTree = "<group>"; };
		779A90281E5374A800D1AD06 /* NonStart.m */ = {isa = PBXFileReference; fileEncoding = 4; lastKnownFileType = sourcecode.c.objc; path = NonStart.m; sourceTree = "<group>"; };
		779A902A1E53781400D1AD06 /* MiddleWay.h */ = {isa = PBXFileReference; fileEncoding = 4; lastKnownFileType = sourcecode.c.h; path = MiddleWay.h; sourceTree = "<group>"; };
		779A902B1E53781400D1AD06 /* MiddleWay.m */ = {isa = PBXFileReference; fileEncoding = 4; lastKnownFileType = sourcecode.c.objc; path = MiddleWay.m; sourceTree = "<group>"; };
		77A623A31E52122B00AD8564 /* FrontBack.h */ = {isa = PBXFileReference; fileEncoding = 4; lastKnownFileType = sourcecode.c.h; path = FrontBack.h; sourceTree = "<group>"; };
		77A623A41E52122B00AD8564 /* FrontBack.m */ = {isa = PBXFileReference; fileEncoding = 4; lastKnownFileType = sourcecode.c.objc; path = FrontBack.m; sourceTree = "<group>"; };
		77A623A61E52196100AD8564 /* ComboString.h */ = {isa = PBXFileReference; fileEncoding = 4; lastKnownFileType = sourcecode.c.h; path = ComboString.h; sourceTree = "<group>"; };
		77A623A71E52196100AD8564 /* ComboString.m */ = {isa = PBXFileReference; fileEncoding = 4; lastKnownFileType = sourcecode.c.objc; path = ComboString.m; sourceTree = "<group>"; };
		77A623A91E521E7600AD8564 /* Sum2.h */ = {isa = PBXFileReference; fileEncoding = 4; lastKnownFileType = sourcecode.c.h; path = Sum2.h; sourceTree = "<group>"; };
		77A623AA1E521E7600AD8564 /* Sum2.m */ = {isa = PBXFileReference; fileEncoding = 4; lastKnownFileType = sourcecode.c.objc; path = Sum2.m; sourceTree = "<group>"; };
		77A713FF1E494831003A8A66 /* CommonEnd.h */ = {isa = PBXFileReference; fileEncoding = 4; lastKnownFileType = sourcecode.c.h; path = CommonEnd.h; sourceTree = "<group>"; };
		77A714001E494831003A8A66 /* CommonEnd.m */ = {isa = PBXFileReference; fileEncoding = 4; lastKnownFileType = sourcecode.c.objc; path = CommonEnd.m; sourceTree = "<group>"; };
		77BCF84F1E4E1E5E00612BAD /* MissingChar.h */ = {isa = PBXFileReference; fileEncoding = 4; lastKnownFileType = sourcecode.c.h; path = MissingChar.h; sourceTree = "<group>"; };
		77BCF8501E4E1E5E00612BAD /* MissingChar.m */ = {isa = PBXFileReference; fileEncoding = 4; lastKnownFileType = sourcecode.c.objc; path = MissingChar.m; sourceTree = "<group>"; };
		77BCF8521E4E2DC600612BAD /* WithoutEnd.h */ = {isa = PBXFileReference; fileEncoding = 4; lastKnownFileType = sourcecode.c.h; path = WithoutEnd.h; sourceTree = "<group>"; };
		77BCF8531E4E2DC600612BAD /* WithoutEnd.m */ = {isa = PBXFileReference; fileEncoding = 4; lastKnownFileType = sourcecode.c.objc; path = WithoutEnd.m; sourceTree = "<group>"; };
		77BCF8551E4E350E00612BAD /* MaxEnd3.h */ = {isa = PBXFileReference; fileEncoding = 4; lastKnownFileType = sourcecode.c.h; path = MaxEnd3.h; sourceTree = "<group>"; };
		77BCF8561E4E350E00612BAD /* MaxEnd3.m */ = {isa = PBXFileReference; fileEncoding = 4; lastKnownFileType = sourcecode.c.objc; path = MaxEnd3.m; sourceTree = "<group>"; };
		77E657611E54C6350055EB5B /* BackAround.h */ = {isa = PBXFileReference; fileEncoding = 4; lastKnownFileType = sourcecode.c.h; path = BackAround.h; sourceTree = "<group>"; };
		77E657621E54C6350055EB5B /* BackAround.m */ = {isa = PBXFileReference; fileEncoding = 4; lastKnownFileType = sourcecode.c.objc; path = BackAround.m; sourceTree = "<group>"; };
		77E657641E54CA660055EB5B /* Left2.h */ = {isa = PBXFileReference; fileEncoding = 4; lastKnownFileType = sourcecode.c.h; path = Left2.h; sourceTree = "<group>"; };
		77E657651E54CA660055EB5B /* Left2.m */ = {isa = PBXFileReference; fileEncoding = 4; lastKnownFileType = sourcecode.c.objc; path = Left2.m; sourceTree = "<group>"; };
		77E657671E54CD0D0055EB5B /* MakeEnds.h */ = {isa = PBXFileReference; fileEncoding = 4; lastKnownFileType = sourcecode.c.h; path = MakeEnds.h; sourceTree = "<group>"; };
		77E657681E54CD0D0055EB5B /* MakeEnds.m */ = {isa = PBXFileReference; fileEncoding = 4; lastKnownFileType = sourcecode.c.objc; path = MakeEnds.m; sourceTree = "<group>"; };
/* End PBXFileReference section */

/* Begin PBXFrameworksBuildPhase section */
		772965961E427E2100B57C43 /* Frameworks */ = {
			isa = PBXFrameworksBuildPhase;
			buildActionMask = 2147483647;
			files = (
			);
			runOnlyForDeploymentPostprocessing = 0;
		};
/* End PBXFrameworksBuildPhase section */

/* Begin PBXGroup section */
		772965901E427E2100B57C43 = {
			isa = PBXGroup;
			children = (
				7729659B1E427E2100B57C43 /* CodingBat */,
				7729659A1E427E2100B57C43 /* Products */,
			);
			sourceTree = "<group>";
		};
		7729659A1E427E2100B57C43 /* Products */ = {
			isa = PBXGroup;
			children = (
				772965991E427E2100B57C43 /* CodingBat */,
			);
			name = Products;
			sourceTree = "<group>";
		};
		7729659B1E427E2100B57C43 /* CodingBat */ = {
			isa = PBXGroup;
			children = (
				7729659C1E427E2100B57C43 /* main.m */,
				77E657641E54CA660055EB5B /* Left2.h */,
				77E657651E54CA660055EB5B /* Left2.m */,
				779A90271E5374A800D1AD06 /* NonStart.h */,
				779A90281E5374A800D1AD06 /* NonStart.m */,
				772965A31E427E3800B57C43 /* SleepIn.h */,
				772965A41E427E3800B57C43 /* SleepIn.m */,
				772965A61E4285D700B57C43 /* MonkeyTrouble.h */,
				772965A71E4285D700B57C43 /* MonkeyTrouble.m */,
				7784CF351E43945400F45998 /* StringTimes.h */,
				7784CF361E43945400F45998 /* StringTimes.m */,
				7784CF381E439D4900F45998 /* FirstLast6.h */,
				7784CF391E439D4900F45998 /* FirstLast6.m */,
				7784CF3E1E43CD5A00F45998 /* SameFirstLast.h */,
				7784CF3F1E43CD5A00F45998 /* SameFirstLast.m */,
				774D4B7C1E44F8D60075CFCA /* ParrotTrouble.h */,
				774D4B7D1E44F8D60075CFCA /* ParrotTrouble.m */,
				774D4B7F1E44FCE60075CFCA /* MakeTags.h */,
				774D4B801E44FCE60075CFCA /* MakeTags.m */,
				774D4B821E4500920075CFCA /* MakePi.h */,
				774D4B831E4500920075CFCA /* MakePi.m */,
				77A713FF1E494831003A8A66 /* CommonEnd.h */,
				77A714001E494831003A8A66 /* CommonEnd.m */,
				77867CC51E4A322C001E04B7 /* Makes10.h */,
				77867CC61E4A322C001E04B7 /* Makes10.m */,
				77867CC81E4A3510001E04B7 /* ExtraEnd.h */,
				77867CC91E4A3510001E04B7 /* ExtraEnd.m */,
				77867CCB1E4A3B74001E04B7 /* Sum3.h */,
				77867CCC1E4A3B74001E04B7 /* Sum3.m */,
				77088CD91E4B82A300C9A811 /* PosNeg.h */,
				77088CDA1E4B82A300C9A811 /* PosNeg.m */,
				77088CDC1E4B861C00C9A811 /* FirstTwo.h */,
				77088CDD1E4B861C00C9A811 /* FirstTwo.m */,
				77088CDF1E4B8C2000C9A811 /* RotateLeft3.h */,
				77088CE01E4B8C2000C9A811 /* RotateLeft3.m */,
				772139301E4CC94800E47E6E /* NotString.h */,
				772139311E4CC94800E47E6E /* NotString.m */,
				772139331E4CD1FC00E47E6E /* FirstHalf.h */,
				772139341E4CD1FC00E47E6E /* FirstHalf.m */,
				772139361E4CD46A00E47E6E /* Reverse3.h */,
				772139371E4CD46A00E47E6E /* Reverse3.m */,
				77BCF84F1E4E1E5E00612BAD /* MissingChar.h */,
				77BCF8501E4E1E5E00612BAD /* MissingChar.m */,
				77BCF8521E4E2DC600612BAD /* WithoutEnd.h */,
				77BCF8531E4E2DC600612BAD /* WithoutEnd.m */,
				77BCF8551E4E350E00612BAD /* MaxEnd3.h */,
				77BCF8561E4E350E00612BAD /* MaxEnd3.m */,
				77A623A31E52122B00AD8564 /* FrontBack.h */,
				77A623A41E52122B00AD8564 /* FrontBack.m */,
				77A623A61E52196100AD8564 /* ComboString.h */,
				77A623A71E52196100AD8564 /* ComboString.m */,
				77A623A91E521E7600AD8564 /* Sum2.h */,
				77A623AA1E521E7600AD8564 /* Sum2.m */,
				779A90241E53714A00D1AD06 /* Front3.h */,
				779A90251E53714A00D1AD06 /* Front3.m */,
				779A902A1E53781400D1AD06 /* MiddleWay.h */,
				779A902B1E53781400D1AD06 /* MiddleWay.m */,
				77E657611E54C6350055EB5B /* BackAround.h */,
				77E657621E54C6350055EB5B /* BackAround.m */,
				77E657671E54CD0D0055EB5B /* MakeEnds.h */,
				77E657681E54CD0D0055EB5B /* MakeEnds.m */,
			);
			path = CodingBat;
			sourceTree = "<group>";
		};
/* End PBXGroup section */

/* Begin PBXNativeTarget section */
		772965981E427E2100B57C43 /* CodingBat */ = {
			isa = PBXNativeTarget;
			buildConfigurationList = 772965A01E427E2100B57C43 /* Build configuration list for PBXNativeTarget "CodingBat" */;
			buildPhases = (
				772965951E427E2100B57C43 /* Sources */,
				772965961E427E2100B57C43 /* Frameworks */,
				772965971E427E2100B57C43 /* CopyFiles */,
			);
			buildRules = (
			);
			dependencies = (
			);
			name = CodingBat;
			productName = CodingBat;
			productReference = 772965991E427E2100B57C43 /* CodingBat */;
			productType = "com.apple.product-type.tool";
		};
/* End PBXNativeTarget section */

/* Begin PBXProject section */
		772965911E427E2100B57C43 /* Project object */ = {
			isa = PBXProject;
			attributes = {
				LastUpgradeCheck = 0820;
				ORGANIZATIONNAME = "Pierre Binon";
				TargetAttributes = {
					772965981E427E2100B57C43 = {
						CreatedOnToolsVersion = 8.2.1;
						ProvisioningStyle = Automatic;
					};
				};
			};
			buildConfigurationList = 772965941E427E2100B57C43 /* Build configuration list for PBXProject "CodingBat" */;
			compatibilityVersion = "Xcode 3.2";
			developmentRegion = English;
			hasScannedForEncodings = 0;
			knownRegions = (
				en,
			);
			mainGroup = 772965901E427E2100B57C43;
			productRefGroup = 7729659A1E427E2100B57C43 /* Products */;
			projectDirPath = "";
			projectRoot = "";
			targets = (
				772965981E427E2100B57C43 /* CodingBat */,
			);
		};
/* End PBXProject section */

/* Begin PBXSourcesBuildPhase section */
		772965951E427E2100B57C43 /* Sources */ = {
			isa = PBXSourcesBuildPhase;
			buildActionMask = 2147483647;
			files = (
				77867CCD1E4A3B74001E04B7 /* Sum3.m in Sources */,
				77867CCA1E4A3510001E04B7 /* ExtraEnd.m in Sources */,
				7784CF401E43CD5A00F45998 /* SameFirstLast.m in Sources */,
				77E657661E54CA660055EB5B /* Left2.m in Sources */,
				772139321E4CC94800E47E6E /* NotString.m in Sources */,
				772965A51E427E3800B57C43 /* SleepIn.m in Sources */,
				772139351E4CD1FC00E47E6E /* FirstHalf.m in Sources */,
				77A714011E494831003A8A66 /* CommonEnd.m in Sources */,
				77088CE11E4B8C2000C9A811 /* RotateLeft3.m in Sources */,
				77BCF8511E4E1E5E00612BAD /* MissingChar.m in Sources */,
				77088CDE1E4B861C00C9A811 /* FirstTwo.m in Sources */,
				77867CC71E4A322C001E04B7 /* Makes10.m in Sources */,
				77E657691E54CD0D0055EB5B /* MakeEnds.m in Sources */,
				774D4B811E44FCE60075CFCA /* MakeTags.m in Sources */,
				77088CDB1E4B82A300C9A811 /* PosNeg.m in Sources */,
				772139381E4CD46A00E47E6E /* Reverse3.m in Sources */,
				77BCF8541E4E2DC600612BAD /* WithoutEnd.m in Sources */,
				77A623AB1E521E7600AD8564 /* Sum2.m in Sources */,
				779A90291E5374A800D1AD06 /* NonStart.m in Sources */,
				77E657631E54C6350055EB5B /* BackAround.m in Sources */,
				77A623A81E52196100AD8564 /* ComboString.m in Sources */,
				7784CF371E43945400F45998 /* StringTimes.m in Sources */,
				77BCF8571E4E350E00612BAD /* MaxEnd3.m in Sources */,
				774D4B841E4500920075CFCA /* MakePi.m in Sources */,
				7729659D1E427E2100B57C43 /* main.m in Sources */,
				774D4B7E1E44F8D60075CFCA /* ParrotTrouble.m in Sources */,
				772965A81E4285D700B57C43 /* MonkeyTrouble.m in Sources */,
				779A90261E53714A00D1AD06 /* Front3.m in Sources */,
				7784CF3A1E439D4900F45998 /* FirstLast6.m in Sources */,
				779A902C1E53781400D1AD06 /* MiddleWay.m in Sources */,
				77A623A51E52122B00AD8564 /* FrontBack.m in Sources */,
			);
			runOnlyForDeploymentPostprocessing = 0;
		};
/* End PBXSourcesBuildPhase section */

/* Begin XCBuildConfiguration section */
		7729659E1E427E2100B57C43 /* Debug */ = {
			isa = XCBuildConfiguration;
			buildSettings = {
				ALWAYS_SEARCH_USER_PATHS = NO;
				CLANG_ANALYZER_NONNULL = YES;
				CLANG_CXX_LANGUAGE_STANDARD = "gnu++0x";
				CLANG_CXX_LIBRARY = "libc++";
				CLANG_ENABLE_MODULES = YES;
				CLANG_ENABLE_OBJC_ARC = YES;
				CLANG_WARN_BOOL_CONVERSION = YES;
				CLANG_WARN_CONSTANT_CONVERSION = YES;
				CLANG_WARN_DIRECT_OBJC_ISA_USAGE = YES_ERROR;
				CLANG_WARN_DOCUMENTATION_COMMENTS = YES;
				CLANG_WARN_EMPTY_BODY = YES;
				CLANG_WARN_ENUM_CONVERSION = YES;
				CLANG_WARN_INFINITE_RECURSION = YES;
				CLANG_WARN_INT_CONVERSION = YES;
				CLANG_WARN_OBJC_ROOT_CLASS = YES_ERROR;
				CLANG_WARN_SUSPICIOUS_MOVE = YES;
				CLANG_WARN_UNREACHABLE_CODE = YES;
				CLANG_WARN__DUPLICATE_METHOD_MATCH = YES;
				CODE_SIGN_IDENTITY = "-";
				COPY_PHASE_STRIP = NO;
				DEBUG_INFORMATION_FORMAT = dwarf;
				ENABLE_STRICT_OBJC_MSGSEND = YES;
				ENABLE_TESTABILITY = YES;
				GCC_C_LANGUAGE_STANDARD = gnu99;
				GCC_DYNAMIC_NO_PIC = NO;
				GCC_NO_COMMON_BLOCKS = YES;
				GCC_OPTIMIZATION_LEVEL = 0;
				GCC_PREPROCESSOR_DEFINITIONS = (
					"DEBUG=1",
					"$(inherited)",
				);
				GCC_WARN_64_TO_32_BIT_CONVERSION = YES;
				GCC_WARN_ABOUT_RETURN_TYPE = YES_ERROR;
				GCC_WARN_UNDECLARED_SELECTOR = YES;
				GCC_WARN_UNINITIALIZED_AUTOS = YES_AGGRESSIVE;
				GCC_WARN_UNUSED_FUNCTION = YES;
				GCC_WARN_UNUSED_VARIABLE = YES;
				MACOSX_DEPLOYMENT_TARGET = 10.12;
				MTL_ENABLE_DEBUG_INFO = YES;
				ONLY_ACTIVE_ARCH = YES;
				SDKROOT = macosx;
			};
			name = Debug;
		};
		7729659F1E427E2100B57C43 /* Release */ = {
			isa = XCBuildConfiguration;
			buildSettings = {
				ALWAYS_SEARCH_USER_PATHS = NO;
				CLANG_ANALYZER_NONNULL = YES;
				CLANG_CXX_LANGUAGE_STANDARD = "gnu++0x";
				CLANG_CXX_LIBRARY = "libc++";
				CLANG_ENABLE_MODULES = YES;
				CLANG_ENABLE_OBJC_ARC = YES;
				CLANG_WARN_BOOL_CONVERSION = YES;
				CLANG_WARN_CONSTANT_CONVERSION = YES;
				CLANG_WARN_DIRECT_OBJC_ISA_USAGE = YES_ERROR;
				CLANG_WARN_DOCUMENTATION_COMMENTS = YES;
				CLANG_WARN_EMPTY_BODY = YES;
				CLANG_WARN_ENUM_CONVERSION = YES;
				CLANG_WARN_INFINITE_RECURSION = YES;
				CLANG_WARN_INT_CONVERSION = YES;
				CLANG_WARN_OBJC_ROOT_CLASS = YES_ERROR;
				CLANG_WARN_SUSPICIOUS_MOVE = YES;
				CLANG_WARN_UNREACHABLE_CODE = YES;
				CLANG_WARN__DUPLICATE_METHOD_MATCH = YES;
				CODE_SIGN_IDENTITY = "-";
				COPY_PHASE_STRIP = NO;
				DEBUG_INFORMATION_FORMAT = "dwarf-with-dsym";
				ENABLE_NS_ASSERTIONS = NO;
				ENABLE_STRICT_OBJC_MSGSEND = YES;
				GCC_C_LANGUAGE_STANDARD = gnu99;
				GCC_NO_COMMON_BLOCKS = YES;
				GCC_WARN_64_TO_32_BIT_CONVERSION = YES;
				GCC_WARN_ABOUT_RETURN_TYPE = YES_ERROR;
				GCC_WARN_UNDECLARED_SELECTOR = YES;
				GCC_WARN_UNINITIALIZED_AUTOS = YES_AGGRESSIVE;
				GCC_WARN_UNUSED_FUNCTION = YES;
				GCC_WARN_UNUSED_VARIABLE = YES;
				MACOSX_DEPLOYMENT_TARGET = 10.12;
				MTL_ENABLE_DEBUG_INFO = NO;
				SDKROOT = macosx;
			};
			name = Release;
		};
		772965A11E427E2100B57C43 /* Debug */ = {
			isa = XCBuildConfiguration;
			buildSettings = {
				PRODUCT_NAME = "$(TARGET_NAME)";
			};
			name = Debug;
		};
		772965A21E427E2100B57C43 /* Release */ = {
			isa = XCBuildConfiguration;
			buildSettings = {
				PRODUCT_NAME = "$(TARGET_NAME)";
			};
			name = Release;
		};
/* End XCBuildConfiguration section */

/* Begin XCConfigurationList section */
		772965941E427E2100B57C43 /* Build configuration list for PBXProject "CodingBat" */ = {
			isa = XCConfigurationList;
			buildConfigurations = (
				7729659E1E427E2100B57C43 /* Debug */,
				7729659F1E427E2100B57C43 /* Release */,
			);
			defaultConfigurationIsVisible = 0;
			defaultConfigurationName = Release;
		};
		772965A01E427E2100B57C43 /* Build configuration list for PBXNativeTarget "CodingBat" */ = {
			isa = XCConfigurationList;
			buildConfigurations = (
				772965A11E427E2100B57C43 /* Debug */,
				772965A21E427E2100B57C43 /* Release */,
			);
			defaultConfigurationIsVisible = 0;
			defaultConfigurationName = Release;
		};
/* End XCConfigurationList section */
	};
	rootObject = 772965911E427E2100B57C43 /* Project object */;
}
